
Microsoft Visual Studio Solution File, Format Version 12.00
# Visual Studio Version 17
VisualStudioVersion = 17.5.002.0
MinimumVisualStudioVersion = 10.0.40219.1
Project("{9A19103F-16F7-4668-BE54-9A1E7A4F7556}") = "TTR_CRM", "TTR_CRM.csproj", "{C8F5AF84-E825-4F37-B170-5291C11D07EE}"
EndProject
Global
	GlobalSection(SolutionConfigurationPlatforms) = preSolution
		Debug|Any CPU = Debug|Any CPU
		Release|Any CPU = Release|Any CPU
	EndGlobalSection
	GlobalSection(ProjectConfigurationPlatforms) = postSolution
		{C8F5AF84-E825-4F37-B170-5291C11D07EE}.Debug|Any CPU.ActiveCfg = Debug|Any CPU
		{C8F5AF84-E825-4F37-B170-5291C11D07EE}.Debug|Any CPU.Build.0 = Debug|Any CPU
		{C8F5AF84-E825-4F37-B170-5291C11D07EE}.Release|Any CPU.ActiveCfg = Release|Any CPU
		{C8F5AF84-E825-4F37-B170-5291C11D07EE}.Release|Any CPU.Build.0 = Release|Any CPU
	EndGlobalSection
	GlobalSection(SolutionProperties) = preSolution
		HideSolutionNode = FALSE
	EndGlobalSection
	GlobalSection(ExtensibilityGlobals) = postSolution
		SolutionGuid = {050B2B78-BA33-4EEF-A1D4-16CA075F0A21}
	EndGlobalSection
EndGlobal
